
Microsoft Visual Studio Solution File, Format Version 12.00
# Visual Studio Version 17
VisualStudioVersion = 17.14.36401.2 d17.14
MinimumVisualStudioVersion = 10.0.40219.1
Project("{FAE04EC0-301F-11D3-BF4B-00C04F79EFBC}") = "DeusXMachinaCommand", "DeusXMachinaCommand\DeusXMachinaCommand.csproj", "{FDCCCEBA-0EF0-444C-8CAF-057D94B0A67F}"
EndProject
Global
	GlobalSection(SolutionConfigurationPlatforms) = preSolution
		Debug|Any CPU = Debug|Any CPU
		Release|Any CPU = Release|Any CPU
	EndGlobalSection
	GlobalSection(ProjectConfigurationPlatforms) = postSolution
		{FDCCCEBA-0EF0-444C-8CAF-057D94B0A67F}.Debug|Any CPU.ActiveCfg = Debug|Any CPU
		{FDCCCEBA-0EF0-444C-8CAF-057D94B0A67F}.Debug|Any CPU.Build.0 = Debug|Any CPU
		{FDCCCEBA-0EF0-444C-8CAF-057D94B0A67F}.Release|Any CPU.ActiveCfg = Release|Any CPU
		{FDCCCEBA-0EF0-444C-8CAF-057D94B0A67F}.Release|Any CPU.Build.0 = Release|Any CPU
	EndGlobalSection
	GlobalSection(SolutionProperties) = preSolution
		HideSolutionNode = FALSE
	EndGlobalSection
	GlobalSection(ExtensibilityGlobals) = postSolution
		SolutionGuid = {51040CC3-C4F1-4AF0-98CA-538F5264E880}
	EndGlobalSection
EndGlobal
